
Microsoft Visual Studio Solution File, Format Version 12.00
# Visual Studio Version 17
VisualStudioVersion = 17.5.33516.290
MinimumVisualStudioVersion = 10.0.40219.1
Project("{FAE04EC0-301F-11D3-BF4B-00C04F79EFBC}") = "Proyecto de Sistema de notas", "Proyecto de Sistema de notas.csproj", "{4D8CECA7-F60C-493B-97A2-5282FAE6609F}"
EndProject
Global
	GlobalSection(SolutionConfigurationPlatforms) = preSolution
		Debug|Any CPU = Debug|Any CPU
		Release|Any CPU = Release|Any CPU
	EndGlobalSection
	GlobalSection(ProjectConfigurationPlatforms) = postSolution
		{4D8CECA7-F60C-493B-97A2-5282FAE6609F}.Debug|Any CPU.ActiveCfg = Debug|Any CPU
		{4D8CECA7-F60C-493B-97A2-5282FAE6609F}.Debug|Any CPU.Build.0 = Debug|Any CPU
		{4D8CECA7-F60C-493B-97A2-5282FAE6609F}.Release|Any CPU.ActiveCfg = Release|Any CPU
		{4D8CECA7-F60C-493B-97A2-5282FAE6609F}.Release|Any CPU.Build.0 = Release|Any CPU
	EndGlobalSection
	GlobalSection(SolutionProperties) = preSolution
		HideSolutionNode = FALSE
	EndGlobalSection
	GlobalSection(ExtensibilityGlobals) = postSolution
		SolutionGuid = {DA431DA6-F4A2-4EF5-B176-6A57251A6833}
	EndGlobalSection
EndGlobal
